{
  "version": 4,
  "terraform_version": "0.12.24",
  "serial": 18,
  "lineage": "e5f025f4-4d09-875f-225a-baa5fd02a57e",
  "outputs": {
    "application_url": {
      "value": "https://my-getting-started-node-app.herokuapp.com",
      "type": "string"
    }
  },
  "resources": [
    {
      "mode": "managed",
      "type": "heroku_app",
      "name": "default",
      "provider": "provider.heroku",
      "instances": [
        {
          "schema_version": 0,
          "attributes": {
            "acm": false,
            "all_config_vars": {},
            "buildpacks": [],
            "config_vars": {},
            "git_url": "https://git.heroku.com/my-getting-started-node-app.git",
            "heroku_hostname": "my-getting-started-node-app.herokuapp.com",
            "id": "my-getting-started-node-app",
            "internal_routing": false,
            "name": "my-getting-started-node-app",
            "organization": [],
            "region": "us",
            "sensitive_config_vars": {},
            "space": null,
            "stack": "heroku-18",
            "uuid": "8ca7caea-8865-4c06-9396-7c909c08eee2",
            "web_url": "https://my-getting-started-node-app.herokuapp.com/"
          },
          "private": "bnVsbA=="
        }
      ]
    },
    {
      "mode": "managed",
      "type": "heroku_build",
      "name": "default",
      "provider": "provider.heroku",
      "instances": [
        {
          "schema_version": 0,
          "attributes": {
            "app": "my-getting-started-node-app",
            "buildpacks": [
              "https://github.com/heroku/heroku-buildpack-nodejs"
            ],
            "id": "771f5de4-a383-485d-8828-d9e624f53a7c",
            "local_checksum": "",
            "output_stream_url": "https://build-output.heroku.com/streams/8c/8ca7caea-8865-4c06-9396-7c909c08eee2/logs/77/771f5de4-a383-485d-8828-d9e624f53a7c.log?X-Amz-Algorithm=AWS4-HMAC-SHA256\u0026X-Amz-Credential=AKIAIQI6BAUWXGR4S77Q%2F20200703%2Fus-east-1%2Fs3%2Faws4_request\u0026X-Amz-Date=20200703T194803Z\u0026X-Amz-Expires=86400\u0026X-Amz-SignedHeaders=host\u0026X-Amz-Signature=6e57b1836660ab6104924bc3fc968e65c0d43e185d2030d48dce582621ab4b3b",
            "release_id": "b52f7133-7104-4abb-a823-f49da8fba96e",
            "slug_id": "59548187-5319-4549-bba6-70344674ba61",
            "source": {
              "url": "https://github.com/1Mill/node-js-getting-started/archive/v0.0.1.tar.gz",
              "version": "0.0.1"
            },
            "stack": "heroku-18",
            "status": "succeeded",
            "user": {
              "email": "erik.ekberg@outlook.com",
              "id": "2d4e24fa-ea4e-47b9-826c-cecf1c4beba0"
            },
            "uuid": "771f5de4-a383-485d-8828-d9e624f53a7c"
          },
          "private": "bnVsbA==",
          "dependencies": [
            "heroku_app.default"
          ]
        }
      ]
    },
    {
      "mode": "managed",
      "type": "heroku_formation",
      "name": "default",
      "provider": "provider.heroku",
      "instances": [
        {
          "schema_version": 0,
          "attributes": {
            "app": "my-getting-started-node-app",
            "id": "73313ff7-7e09-4bb9-9eb8-23586ded6c43",
            "quantity": 1,
            "size": "Free",
            "type": "web"
          },
          "private": "bnVsbA==",
          "dependencies": [
            "heroku_app.default",
            "heroku_app_release.default",
            "heroku_slug.default"
          ]
        }
      ]
    }
  ]
}
