{
  "version": 4,
  "terraform_version": "0.12.24",
  "serial": 1,
  "lineage": "e5f025f4-4d09-875f-225a-baa5fd02a57e",
  "outputs": {},
  "resources": [
    {
      "mode": "managed",
      "type": "heroku_app",
      "name": "default",
      "provider": "provider.heroku",
      "instances": [
        {
          "schema_version": 0,
          "attributes": {
            "acm": false,
            "all_config_vars": {},
            "buildpacks": [],
            "config_vars": {},
            "git_url": "https://git.heroku.com/my-getting-started-node-app.git",
            "heroku_hostname": "my-getting-started-node-app.herokuapp.com",
            "id": "my-getting-started-node-app",
            "internal_routing": false,
            "name": "my-getting-started-node-app",
            "organization": [],
            "region": "us",
            "sensitive_config_vars": {},
            "space": null,
            "stack": "heroku-18",
            "uuid": "8ca7caea-8865-4c06-9396-7c909c08eee2",
            "web_url": "https://my-getting-started-node-app.herokuapp.com/"
          },
          "private": "bnVsbA=="
        }
      ]
    }
  ]
}
